
Microsoft Visual Studio Solution File, Format Version 12.00
# Visual Studio Version 16
VisualStudioVersion = 16.0.28729.10
MinimumVisualStudioVersion = 10.0.40219.1
Project("{2150E333-8FDC-42A3-9474-1A3956D46DE8}") = "Solution Items", "Solution Items", "{2E879979-BFCC-4A7A-93D8-DDEB780F1584}"
	ProjectSection(SolutionItems) = preProject
		.gitignore = .gitignore
		README.md = README.md
		.config\dotnet-tools.json = .config\dotnet-tools.json
	EndProjectSection
EndProject
Project("{9A19103F-16F7-4668-BE54-9A1E7A4F7556}") = "Recipe.Api", "Recipe.Api\Recipe.Api.csproj", "{238D1C57-6AD1-4DFA-ADAE-5402413BCC4F}"
EndProject
Project("{9A19103F-16F7-4668-BE54-9A1E7A4F7556}") = "Recipe.Tests", "Recipe.Tests\Recipe.Tests.csproj", "{70C6B774-D411-438D-9B03-9E00E2545CD6}"
	ProjectSection(ProjectDependencies) = postProject
		{238D1C57-6AD1-4DFA-ADAE-5402413BCC4F} = {238D1C57-6AD1-4DFA-ADAE-5402413BCC4F}
		{CCD786C2-5946-4BB5-AC45-1456A1132168} = {CCD786C2-5946-4BB5-AC45-1456A1132168}
	EndProjectSection
EndProject
Global
	GlobalSection(SolutionConfigurationPlatforms) = preSolution
		Debug|Any CPU = Debug|Any CPU
		Release|Any CPU = Release|Any CPU
	EndGlobalSection
	GlobalSection(ProjectConfigurationPlatforms) = postSolution
		{238D1C57-6AD1-4DFA-ADAE-5402413BCC4F}.Debug|Any CPU.ActiveCfg = Debug|Any CPU
		{238D1C57-6AD1-4DFA-ADAE-5402413BCC4F}.Debug|Any CPU.Build.0 = Debug|Any CPU
		{238D1C57-6AD1-4DFA-ADAE-5402413BCC4F}.Release|Any CPU.ActiveCfg = Release|Any CPU
		{238D1C57-6AD1-4DFA-ADAE-5402413BCC4F}.Release|Any CPU.Build.0 = Release|Any CPU
		{70C6B774-D411-438D-9B03-9E00E2545CD6}.Debug|Any CPU.ActiveCfg = Debug|Any CPU
		{70C6B774-D411-438D-9B03-9E00E2545CD6}.Debug|Any CPU.Build.0 = Debug|Any CPU
		{70C6B774-D411-438D-9B03-9E00E2545CD6}.Release|Any CPU.ActiveCfg = Release|Any CPU
		{70C6B774-D411-438D-9B03-9E00E2545CD6}.Release|Any CPU.Build.0 = Release|Any CPU
	EndGlobalSection
	GlobalSection(SolutionProperties) = preSolution
		HideSolutionNode = FALSE
	EndGlobalSection
	GlobalSection(ExtensibilityGlobals) = postSolution
		SolutionGuid = {FE93B9FB-701B-4C12-A8E9-5CFC810D2F65}
	EndGlobalSection
	GlobalSection(NestedProjects) = preSolution
	EndGlobalSection
EndGlobal
